
Microsoft Visual Studio Solution File, Format Version 12.00
# Visual Studio Version 17
VisualStudioVersion = 17.7.34018.315
MinimumVisualStudioVersion = 10.0.40219.1
Project("{FAE04EC0-301F-11D3-BF4B-00C04F79EFBC}") = "ClaseDB", "ClaseDB.csproj", "{5261D5D9-4AF6-4D15-90D0-65A87AC5FE1C}"
EndProject
Global
	GlobalSection(SolutionConfigurationPlatforms) = preSolution
		Debug|Any CPU = Debug|Any CPU
		Release|Any CPU = Release|Any CPU
	EndGlobalSection
	GlobalSection(ProjectConfigurationPlatforms) = postSolution
		{5261D5D9-4AF6-4D15-90D0-65A87AC5FE1C}.Debug|Any CPU.ActiveCfg = Debug|Any CPU
		{5261D5D9-4AF6-4D15-90D0-65A87AC5FE1C}.Debug|Any CPU.Build.0 = Debug|Any CPU
		{5261D5D9-4AF6-4D15-90D0-65A87AC5FE1C}.Release|Any CPU.ActiveCfg = Release|Any CPU
		{5261D5D9-4AF6-4D15-90D0-65A87AC5FE1C}.Release|Any CPU.Build.0 = Release|Any CPU
	EndGlobalSection
	GlobalSection(SolutionProperties) = preSolution
		HideSolutionNode = FALSE
	EndGlobalSection
	GlobalSection(ExtensibilityGlobals) = postSolution
		SolutionGuid = {EDFF6999-ED64-46C6-8A94-26153F5ABF93}
	EndGlobalSection
EndGlobal
